{
  "pins" : [
    {
      "identity" : "swift-argument-parser",
      "kind" : "remoteSourceControl",
      "location" : "https://github.com/apple/swift-argument-parser",
      "state" : {
        "revision" : "fee6933f37fde9a5e12a1e4aeaa93fe60116ff2a",
        "version" : "1.2.2"
      }
    },
    {
      "identity" : "swift-syntax",
      "kind" : "remoteSourceControl",
      "location" : "https://github.com/apple/swift-syntax.git",
      "state" : {
        "revision" : "e42bece52df2496d60b1b2a762fee9ffde7fc205",
        "version" : "509.0.0-swift-DEVELOPMENT-SNAPSHOT-2023-08-07-a"
      }
    }
  ],
  "version" : 2
}
